
Microsoft Visual Studio Solution File, Format Version 12.00
# Visual Studio 15
VisualStudioVersion = 15.0.27130.2027
MinimumVisualStudioVersion = 10.0.40219.1
Project("{FAE04EC0-301F-11D3-BF4B-00C04F79EFBC}") = "SportsStore.Domain", "SportsStore.Domain\SportsStore.Domain.csproj", "{3235A0F2-F912-49A2-9ADA-6B2A97CE02C0}"
EndProject
Project("{FAE04EC0-301F-11D3-BF4B-00C04F79EFBC}") = "SportsStore.WebUI", "SportsStore.WebUI\SportsStore.WebUI.csproj", "{AC59CB97-F4A5-45C3-BE24-1CEB7609A918}"
EndProject
Project("{FAE04EC0-301F-11D3-BF4B-00C04F79EFBC}") = "SportsStore.UnitTest", "SportsStore.UnitTest\SportsStore.UnitTest.csproj", "{7B960C58-1E4E-4874-81F3-D5B094646BE0}"
EndProject
Global
	GlobalSection(SolutionConfigurationPlatforms) = preSolution
		Debug|Any CPU = Debug|Any CPU
		Release|Any CPU = Release|Any CPU
	EndGlobalSection
	GlobalSection(ProjectConfigurationPlatforms) = postSolution
		{3235A0F2-F912-49A2-9ADA-6B2A97CE02C0}.Debug|Any CPU.ActiveCfg = Debug|Any CPU
		{3235A0F2-F912-49A2-9ADA-6B2A97CE02C0}.Debug|Any CPU.Build.0 = Debug|Any CPU
		{3235A0F2-F912-49A2-9ADA-6B2A97CE02C0}.Release|Any CPU.ActiveCfg = Release|Any CPU
		{3235A0F2-F912-49A2-9ADA-6B2A97CE02C0}.Release|Any CPU.Build.0 = Release|Any CPU
		{AC59CB97-F4A5-45C3-BE24-1CEB7609A918}.Debug|Any CPU.ActiveCfg = Debug|Any CPU
		{AC59CB97-F4A5-45C3-BE24-1CEB7609A918}.Debug|Any CPU.Build.0 = Debug|Any CPU
		{AC59CB97-F4A5-45C3-BE24-1CEB7609A918}.Release|Any CPU.ActiveCfg = Release|Any CPU
		{AC59CB97-F4A5-45C3-BE24-1CEB7609A918}.Release|Any CPU.Build.0 = Release|Any CPU
		{7B960C58-1E4E-4874-81F3-D5B094646BE0}.Debug|Any CPU.ActiveCfg = Debug|Any CPU
		{7B960C58-1E4E-4874-81F3-D5B094646BE0}.Debug|Any CPU.Build.0 = Debug|Any CPU
		{7B960C58-1E4E-4874-81F3-D5B094646BE0}.Release|Any CPU.ActiveCfg = Release|Any CPU
		{7B960C58-1E4E-4874-81F3-D5B094646BE0}.Release|Any CPU.Build.0 = Release|Any CPU
	EndGlobalSection
	GlobalSection(SolutionProperties) = preSolution
		HideSolutionNode = FALSE
	EndGlobalSection
	GlobalSection(ExtensibilityGlobals) = postSolution
		SolutionGuid = {A719BF4B-EE2D-45D5-B685-4B23D5AE7464}
	EndGlobalSection
EndGlobal
